
Microsoft Visual Studio Solution File, Format Version 12.00
# Visual Studio 15
VisualStudioVersion = 15.0.27130.2027
MinimumVisualStudioVersion = 10.0.40219.1
Project("{9A19103F-16F7-4668-BE54-9A1E7A4F7556}") = "FactoryPattern", "FactoryPattern\FactoryPattern.csproj", "{144FB761-D401-431B-AB8C-038903A7ED9A}"
EndProject
Project("{9A19103F-16F7-4668-BE54-9A1E7A4F7556}") = "CompositePattern", "CompositePattern\CompositePattern.csproj", "{419D4C1F-5D63-4C9A-9074-7CFC3F2A9CB8}"
EndProject
Project("{9A19103F-16F7-4668-BE54-9A1E7A4F7556}") = "StrategyPattern", "StrategyPattern\StrategyPattern.csproj", "{B6BBDD27-1822-43AE-9BCB-0BEE1696A20F}"
EndProject
Project("{9A19103F-16F7-4668-BE54-9A1E7A4F7556}") = "FacadePattern", "FacadePattern\FacadePattern.csproj", "{82F8C660-9C45-48AB-9643-58D2094FA855}"
EndProject
Project("{9A19103F-16F7-4668-BE54-9A1E7A4F7556}") = "ObserverPattern", "ObserverPattern\ObserverPattern.csproj", "{A1AB1D13-9610-4DC8-9229-DE2EFBB87062}"
EndProject
Project("{9A19103F-16F7-4668-BE54-9A1E7A4F7556}") = "DecoratorPattern", "DecoratorPattern\DecoratorPattern.csproj", "{D9C41B76-583B-42E4-8D9C-437DF6CD648C}"
EndProject
Project("{9A19103F-16F7-4668-BE54-9A1E7A4F7556}") = "SingletonPattern", "SingletonPattern\SingletonPattern.csproj", "{DBBFC8A8-6F1E-4E72-A363-4C672863D5DC}"
EndProject
Project("{9A19103F-16F7-4668-BE54-9A1E7A4F7556}") = "ChainOfResponsibilityPattern", "ChainOfResponsibilityPattern\ChainOfResponsibilityPattern.csproj", "{7233083C-E3CB-4A65-92D2-48A694EF2457}"
EndProject
Project("{9A19103F-16F7-4668-BE54-9A1E7A4F7556}") = "BuilderPattern", "BuilderPattern\BuilderPattern.csproj", "{4034A623-47D6-4CD5-9988-FC833BC4317F}"
EndProject
Project("{FAE04EC0-301F-11D3-BF4B-00C04F79EFBC}") = "PrototypePattern", "PrototypePattern\PrototypePattern.csproj", "{3A470576-5FC1-4415-8319-A722E8EE52BC}"
EndProject
Project("{FAE04EC0-301F-11D3-BF4B-00C04F79EFBC}") = "AdapterPattern", "AdapterPattern\AdapterPattern.csproj", "{FD16CFB0-FB69-4CF5-B453-E5F2053A5376}"
EndProject
Global
	GlobalSection(SolutionConfigurationPlatforms) = preSolution
		Debug|Any CPU = Debug|Any CPU
		Release|Any CPU = Release|Any CPU
	EndGlobalSection
	GlobalSection(ProjectConfigurationPlatforms) = postSolution
		{144FB761-D401-431B-AB8C-038903A7ED9A}.Debug|Any CPU.ActiveCfg = Debug|Any CPU
		{144FB761-D401-431B-AB8C-038903A7ED9A}.Debug|Any CPU.Build.0 = Debug|Any CPU
		{144FB761-D401-431B-AB8C-038903A7ED9A}.Release|Any CPU.ActiveCfg = Release|Any CPU
		{144FB761-D401-431B-AB8C-038903A7ED9A}.Release|Any CPU.Build.0 = Release|Any CPU
		{419D4C1F-5D63-4C9A-9074-7CFC3F2A9CB8}.Debug|Any CPU.ActiveCfg = Debug|Any CPU
		{419D4C1F-5D63-4C9A-9074-7CFC3F2A9CB8}.Debug|Any CPU.Build.0 = Debug|Any CPU
		{419D4C1F-5D63-4C9A-9074-7CFC3F2A9CB8}.Release|Any CPU.ActiveCfg = Release|Any CPU
		{419D4C1F-5D63-4C9A-9074-7CFC3F2A9CB8}.Release|Any CPU.Build.0 = Release|Any CPU
		{B6BBDD27-1822-43AE-9BCB-0BEE1696A20F}.Debug|Any CPU.ActiveCfg = Debug|Any CPU
		{B6BBDD27-1822-43AE-9BCB-0BEE1696A20F}.Debug|Any CPU.Build.0 = Debug|Any CPU
		{B6BBDD27-1822-43AE-9BCB-0BEE1696A20F}.Release|Any CPU.ActiveCfg = Release|Any CPU
		{B6BBDD27-1822-43AE-9BCB-0BEE1696A20F}.Release|Any CPU.Build.0 = Release|Any CPU
		{82F8C660-9C45-48AB-9643-58D2094FA855}.Debug|Any CPU.ActiveCfg = Debug|Any CPU
		{82F8C660-9C45-48AB-9643-58D2094FA855}.Debug|Any CPU.Build.0 = Debug|Any CPU
		{82F8C660-9C45-48AB-9643-58D2094FA855}.Release|Any CPU.ActiveCfg = Release|Any CPU
		{82F8C660-9C45-48AB-9643-58D2094FA855}.Release|Any CPU.Build.0 = Release|Any CPU
		{A1AB1D13-9610-4DC8-9229-DE2EFBB87062}.Debug|Any CPU.ActiveCfg = Debug|Any CPU
		{A1AB1D13-9610-4DC8-9229-DE2EFBB87062}.Debug|Any CPU.Build.0 = Debug|Any CPU
		{A1AB1D13-9610-4DC8-9229-DE2EFBB87062}.Release|Any CPU.ActiveCfg = Release|Any CPU
		{A1AB1D13-9610-4DC8-9229-DE2EFBB87062}.Release|Any CPU.Build.0 = Release|Any CPU
		{D9C41B76-583B-42E4-8D9C-437DF6CD648C}.Debug|Any CPU.ActiveCfg = Debug|Any CPU
		{D9C41B76-583B-42E4-8D9C-437DF6CD648C}.Debug|Any CPU.Build.0 = Debug|Any CPU
		{D9C41B76-583B-42E4-8D9C-437DF6CD648C}.Release|Any CPU.ActiveCfg = Release|Any CPU
		{D9C41B76-583B-42E4-8D9C-437DF6CD648C}.Release|Any CPU.Build.0 = Release|Any CPU
		{DBBFC8A8-6F1E-4E72-A363-4C672863D5DC}.Debug|Any CPU.ActiveCfg = Debug|Any CPU
		{DBBFC8A8-6F1E-4E72-A363-4C672863D5DC}.Debug|Any CPU.Build.0 = Debug|Any CPU
		{DBBFC8A8-6F1E-4E72-A363-4C672863D5DC}.Release|Any CPU.ActiveCfg = Release|Any CPU
		{DBBFC8A8-6F1E-4E72-A363-4C672863D5DC}.Release|Any CPU.Build.0 = Release|Any CPU
		{7233083C-E3CB-4A65-92D2-48A694EF2457}.Debug|Any CPU.ActiveCfg = Debug|Any CPU
		{7233083C-E3CB-4A65-92D2-48A694EF2457}.Debug|Any CPU.Build.0 = Debug|Any CPU
		{7233083C-E3CB-4A65-92D2-48A694EF2457}.Release|Any CPU.ActiveCfg = Release|Any CPU
		{7233083C-E3CB-4A65-92D2-48A694EF2457}.Release|Any CPU.Build.0 = Release|Any CPU
		{4034A623-47D6-4CD5-9988-FC833BC4317F}.Debug|Any CPU.ActiveCfg = Debug|Any CPU
		{4034A623-47D6-4CD5-9988-FC833BC4317F}.Debug|Any CPU.Build.0 = Debug|Any CPU
		{4034A623-47D6-4CD5-9988-FC833BC4317F}.Release|Any CPU.ActiveCfg = Release|Any CPU
		{4034A623-47D6-4CD5-9988-FC833BC4317F}.Release|Any CPU.Build.0 = Release|Any CPU
		{3A470576-5FC1-4415-8319-A722E8EE52BC}.Debug|Any CPU.ActiveCfg = Debug|Any CPU
		{3A470576-5FC1-4415-8319-A722E8EE52BC}.Debug|Any CPU.Build.0 = Debug|Any CPU
		{3A470576-5FC1-4415-8319-A722E8EE52BC}.Release|Any CPU.ActiveCfg = Release|Any CPU
		{3A470576-5FC1-4415-8319-A722E8EE52BC}.Release|Any CPU.Build.0 = Release|Any CPU
		{FD16CFB0-FB69-4CF5-B453-E5F2053A5376}.Debug|Any CPU.ActiveCfg = Debug|Any CPU
		{FD16CFB0-FB69-4CF5-B453-E5F2053A5376}.Debug|Any CPU.Build.0 = Debug|Any CPU
		{FD16CFB0-FB69-4CF5-B453-E5F2053A5376}.Release|Any CPU.ActiveCfg = Release|Any CPU
		{FD16CFB0-FB69-4CF5-B453-E5F2053A5376}.Release|Any CPU.Build.0 = Release|Any CPU
	EndGlobalSection
	GlobalSection(SolutionProperties) = preSolution
		HideSolutionNode = FALSE
	EndGlobalSection
	GlobalSection(ExtensibilityGlobals) = postSolution
		SolutionGuid = {16D85D62-52F9-4955-B328-099A5D6DE4C7}
	EndGlobalSection
EndGlobal
